PODS:
  - Alamofire (4.9.1)
  - Moya (13.0.1):
    - Moya/Core (= 13.0.1)
  - Moya/Core (13.0.1):
    - Alamofire (~> 4.1)
    - Result (~> 4.1)
  - Result (4.1.0)
  - SwiftKeychainWrapper (3.4.0)

DEPENDENCIES:
  - Moya (~> 13.0)
  - SwiftKeychainWrapper

SPEC REPOS:
  trunk:
    - Alamofire
    - Moya
    - Result
    - SwiftKeychainWrapper

SPEC CHECKSUMS:
  Alamofire: 85e8a02c69d6020a0d734f6054870d7ecb75cf18
  Moya: f4a4b80ff2f8a4ffc208dfb31cd91636622fee6e
  Result: bd966fac789cc6c1563440b348ab2598cc24d5c7
  SwiftKeychainWrapper: 6fc49fbf7d4a6b0772917acb0e53a1639f6078d6

PODFILE CHECKSUM: 9770e638018dee33a7b14023c35c269fa6caf602

COCOAPODS: 1.8.4
